
Microsoft Visual Studio Solution File, Format Version 12.00
# Visual Studio 2013
VisualStudioVersion = 12.0.30723.0
MinimumVisualStudioVersion = 10.0.40219.1
Project("{FAE04EC0-301F-11D3-BF4B-00C04F79EFBC}") = "Курсачь", "Курсачь\Курсачь.csproj", "{37334F4E-EFBE-41BE-93B4-E0526128029A}"
EndProject
Global
	GlobalSection(SolutionConfigurationPlatforms) = preSolution
		Debug|Any CPU = Debug|Any CPU
		Release|Any CPU = Release|Any CPU
	EndGlobalSection
	GlobalSection(ProjectConfigurationPlatforms) = postSolution
		{37334F4E-EFBE-41BE-93B4-E0526128029A}.Debug|Any CPU.ActiveCfg = Debug|Any CPU
		{37334F4E-EFBE-41BE-93B4-E0526128029A}.Debug|Any CPU.Build.0 = Debug|Any CPU
		{37334F4E-EFBE-41BE-93B4-E0526128029A}.Release|Any CPU.ActiveCfg = Release|Any CPU
		{37334F4E-EFBE-41BE-93B4-E0526128029A}.Release|Any CPU.Build.0 = Release|Any CPU
	EndGlobalSection
	GlobalSection(SolutionProperties) = preSolution
		HideSolutionNode = FALSE
	EndGlobalSection
EndGlobal
